
Microsoft Visual Studio Solution File, Format Version 12.00
# Visual Studio Version 17
VisualStudioVersion = 17.10.35004.147
MinimumVisualStudioVersion = 10.0.40219.1
Project("{2150E333-8FDC-42A3-9474-1A3956D46DE8}") = "src", "src", "{1E04E7CB-8FDF-430A-ADD0-6288A1AEDAF8}"
EndProject
Project("{FAE04EC0-301F-11D3-BF4B-00C04F79EFBC}") = "Library.Api", "src\Library.Api\Library.Api.csproj", "{63389624-FC3E-4C05-AFC9-01047DFF2694}"
EndProject
Global
	GlobalSection(SolutionConfigurationPlatforms) = preSolution
		Debug|Any CPU = Debug|Any CPU
		Release|Any CPU = Release|Any CPU
	EndGlobalSection
	GlobalSection(ProjectConfigurationPlatforms) = postSolution
		{63389624-FC3E-4C05-AFC9-01047DFF2694}.Debug|Any CPU.ActiveCfg = Debug|Any CPU
		{63389624-FC3E-4C05-AFC9-01047DFF2694}.Debug|Any CPU.Build.0 = Debug|Any CPU
		{63389624-FC3E-4C05-AFC9-01047DFF2694}.Release|Any CPU.ActiveCfg = Release|Any CPU
		{63389624-FC3E-4C05-AFC9-01047DFF2694}.Release|Any CPU.Build.0 = Release|Any CPU
	EndGlobalSection
	GlobalSection(SolutionProperties) = preSolution
		HideSolutionNode = FALSE
	EndGlobalSection
	GlobalSection(NestedProjects) = preSolution
		{63389624-FC3E-4C05-AFC9-01047DFF2694} = {1E04E7CB-8FDF-430A-ADD0-6288A1AEDAF8}
	EndGlobalSection
	GlobalSection(ExtensibilityGlobals) = postSolution
		SolutionGuid = {39DDF599-3C9E-4301-8D4F-B9818FAFDFD4}
	EndGlobalSection
EndGlobal
